<?xml version="1.0" encoding="utf-8"?>
<Project ToolsVersion="15.0" xmlns="http://schemas.microsoft.com/developer/msbuild/2003">
  <ItemGroup>
    <Filter Include="Resources">
      <UniqueIdentifier>accd3aa8-1ba0-4223-9bbe-0c431709210b</UniqueIdentifier>
      <Extensions>rc;ico;cur;bmp;dlg;rc2;rct;bin;rgs;gif;jpg;jpeg;jpe;resx;tga;tiff;tif;png;wav;mfcribbon-ms</Extensions>
    </Filter>
    <Filter Include="Generated Files">
      <UniqueIdentifier>{926ab91d-31b4-48c3-b9a4-e681349f27f0}</UniqueIdentifier>
    </Filter>
    <Filter Include="Utils">
      <UniqueIdentifier>{a42f4b2f-81f4-403e-b66e-26842bc3c38e}</UniqueIdentifier>
    </Filter>
    <Filter Include="IRTrack">
      <UniqueIdentifier>{9b4c3a3d-fae0-439e-8b2d-034e1eaa9e23}</UniqueIdentifier>
    </Filter>
  </ItemGroup>
  <ItemGroup>
    <ClCompile Include="pch.cpp" />
    <ClCompile Include="$(GeneratedFilesDir)module.g.cpp" />
    <ClCompile Include="TimeConverter.cpp">
      <Filter>Utils</Filter>
    </ClCompile>
    <ClCompile Include="IRToolTrack.cpp">
      <Filter>IRTrack</Filter>
    </ClCompile>
  </ItemGroup>
  <ItemGroup>
    <ClInclude Include="pch.h" />
    <ClInclude Include="ResearchModeApi.h" />
    <ClInclude Include="TimeConverter.h">
      <Filter>Utils</Filter>
    </ClInclude>
    <ClInclude Include="IRToolTrack.h">
      <Filter>IRTrack</Filter>
    </ClInclude>
    <ClInclude Include="IRKalmanFilter.h">
      <Filter>IRTrack</Filter>
    </ClInclude>
    <ClInclude Include="IRStructs.h">
      <Filter>IRTrack</Filter>
    </ClInclude>
  </ItemGroup>
  <ItemGroup>
    <None Include="HL2IRToolTracking.def" />
    <None Include="packages.config" />
  </ItemGroup>
  <ItemGroup>
    <None Include="PropertySheet.props" />
  </ItemGroup>
  <ItemGroup>
    <Midl Include="HL2IRToolTracking.idl" />
  </ItemGroup>
</Project>